
Microsoft Visual Studio Solution File, Format Version 12.00
# Visual Studio Version 17
VisualStudioVersion = 17.0.31903.59
MinimumVisualStudioVersion = 10.0.40219.1
Project("{FAE04EC0-301F-11D3-BF4B-00C04F79EFBC}") = "API", "API\API.csproj", "{D3E3FD79-0BA2-447C-B82C-C9BFFF49462C}"
EndProject
Project("{FAE04EC0-301F-11D3-BF4B-00C04F79EFBC}") = "Application", "Application\Application.csproj", "{38A3594C-36F2-46E0-9379-61572B88AD24}"
EndProject
Project("{FAE04EC0-301F-11D3-BF4B-00C04F79EFBC}") = "Domain", "Domain\Domain.csproj", "{F04E407C-5F4F-448A-ABF9-1829A7021ADC}"
EndProject
Project("{FAE04EC0-301F-11D3-BF4B-00C04F79EFBC}") = "Persistence", "Persistence\Persistence.csproj", "{065EA657-9171-4A77-808B-05CFB098FF12}"
EndProject
Project("{FAE04EC0-301F-11D3-BF4B-00C04F79EFBC}") = "Infrastructure", "Infrastructure\Infrastructure.csproj", "{14CD82F4-343A-454D-BA04-DF59001CA403}"
EndProject
Global
	GlobalSection(SolutionConfigurationPlatforms) = preSolution
		Debug|Any CPU = Debug|Any CPU
		Release|Any CPU = Release|Any CPU
	EndGlobalSection
	GlobalSection(SolutionProperties) = preSolution
		HideSolutionNode = FALSE
	EndGlobalSection
	GlobalSection(ProjectConfigurationPlatforms) = postSolution
		{D3E3FD79-0BA2-447C-B82C-C9BFFF49462C}.Debug|Any CPU.ActiveCfg = Debug|Any CPU
		{D3E3FD79-0BA2-447C-B82C-C9BFFF49462C}.Debug|Any CPU.Build.0 = Debug|Any CPU
		{D3E3FD79-0BA2-447C-B82C-C9BFFF49462C}.Release|Any CPU.ActiveCfg = Release|Any CPU
		{D3E3FD79-0BA2-447C-B82C-C9BFFF49462C}.Release|Any CPU.Build.0 = Release|Any CPU
		{38A3594C-36F2-46E0-9379-61572B88AD24}.Debug|Any CPU.ActiveCfg = Debug|Any CPU
		{38A3594C-36F2-46E0-9379-61572B88AD24}.Debug|Any CPU.Build.0 = Debug|Any CPU
		{38A3594C-36F2-46E0-9379-61572B88AD24}.Release|Any CPU.ActiveCfg = Release|Any CPU
		{38A3594C-36F2-46E0-9379-61572B88AD24}.Release|Any CPU.Build.0 = Release|Any CPU
		{F04E407C-5F4F-448A-ABF9-1829A7021ADC}.Debug|Any CPU.ActiveCfg = Debug|Any CPU
		{F04E407C-5F4F-448A-ABF9-1829A7021ADC}.Debug|Any CPU.Build.0 = Debug|Any CPU
		{F04E407C-5F4F-448A-ABF9-1829A7021ADC}.Release|Any CPU.ActiveCfg = Release|Any CPU
		{F04E407C-5F4F-448A-ABF9-1829A7021ADC}.Release|Any CPU.Build.0 = Release|Any CPU
		{065EA657-9171-4A77-808B-05CFB098FF12}.Debug|Any CPU.ActiveCfg = Debug|Any CPU
		{065EA657-9171-4A77-808B-05CFB098FF12}.Debug|Any CPU.Build.0 = Debug|Any CPU
		{065EA657-9171-4A77-808B-05CFB098FF12}.Release|Any CPU.ActiveCfg = Release|Any CPU
		{065EA657-9171-4A77-808B-05CFB098FF12}.Release|Any CPU.Build.0 = Release|Any CPU
		{14CD82F4-343A-454D-BA04-DF59001CA403}.Debug|Any CPU.ActiveCfg = Debug|Any CPU
		{14CD82F4-343A-454D-BA04-DF59001CA403}.Debug|Any CPU.Build.0 = Debug|Any CPU
		{14CD82F4-343A-454D-BA04-DF59001CA403}.Release|Any CPU.ActiveCfg = Release|Any CPU
		{14CD82F4-343A-454D-BA04-DF59001CA403}.Release|Any CPU.Build.0 = Release|Any CPU
	EndGlobalSection
EndGlobal
